
Microsoft Visual Studio Solution File, Format Version 12.00
# Visual Studio Version 17
VisualStudioVersion = 17.9.34607.119
MinimumVisualStudioVersion = 10.0.40219.1
Project("{9A19103F-16F7-4668-BE54-9A1E7A4F7556}") = "CompanyEmployees", "CompanyEmployees\CompanyEmployees.csproj", "{2E8A0771-4CA1-4F7F-A7FC-70EF952C7570}"
EndProject
Project("{9A19103F-16F7-4668-BE54-9A1E7A4F7556}") = "Contracts", "Contracts\Contracts.csproj", "{76F7B5F4-65D5-4D6B-ACAF-E4CADA97D89E}"
EndProject
Project("{9A19103F-16F7-4668-BE54-9A1E7A4F7556}") = "LoggerService", "LoggerService\LoggerService.csproj", "{C385374D-E6FB-4E7A-8EF6-ACFAE599B811}"
EndProject
Project("{FAE04EC0-301F-11D3-BF4B-00C04F79EFBC}") = "Entities", "Entities\Entities.csproj", "{8CE12F1D-E708-4532-9D39-995676F67195}"
EndProject
Project("{FAE04EC0-301F-11D3-BF4B-00C04F79EFBC}") = "Repository", "Repository\Repository.csproj", "{4287F0F6-59BC-4F08-81D2-51E84AF1A032}"
EndProject
Project("{FAE04EC0-301F-11D3-BF4B-00C04F79EFBC}") = "Service.Contracts", "Service.Contracts\Service.Contracts.csproj", "{89C5618F-B4CC-4DE3-8E0E-1D798CE54474}"
EndProject
Project("{FAE04EC0-301F-11D3-BF4B-00C04F79EFBC}") = "Service", "Service\Service.csproj", "{55E275D3-411E-4488-AE59-ED8713CCDCB7}"
EndProject
Project("{FAE04EC0-301F-11D3-BF4B-00C04F79EFBC}") = "CompanyEmployees.Presentation", "CompanyEmployees.Presentation\CompanyEmployees.Presentation.csproj", "{5835C542-283F-4771-BA14-309E0B80DF09}"
EndProject
Global
	GlobalSection(SolutionConfigurationPlatforms) = preSolution
		Debug|Any CPU = Debug|Any CPU
		Release|Any CPU = Release|Any CPU
	EndGlobalSection
	GlobalSection(ProjectConfigurationPlatforms) = postSolution
		{2E8A0771-4CA1-4F7F-A7FC-70EF952C7570}.Debug|Any CPU.ActiveCfg = Debug|Any CPU
		{2E8A0771-4CA1-4F7F-A7FC-70EF952C7570}.Debug|Any CPU.Build.0 = Debug|Any CPU
		{2E8A0771-4CA1-4F7F-A7FC-70EF952C7570}.Release|Any CPU.ActiveCfg = Release|Any CPU
		{2E8A0771-4CA1-4F7F-A7FC-70EF952C7570}.Release|Any CPU.Build.0 = Release|Any CPU
		{76F7B5F4-65D5-4D6B-ACAF-E4CADA97D89E}.Debug|Any CPU.ActiveCfg = Debug|Any CPU
		{76F7B5F4-65D5-4D6B-ACAF-E4CADA97D89E}.Debug|Any CPU.Build.0 = Debug|Any CPU
		{76F7B5F4-65D5-4D6B-ACAF-E4CADA97D89E}.Release|Any CPU.ActiveCfg = Release|Any CPU
		{76F7B5F4-65D5-4D6B-ACAF-E4CADA97D89E}.Release|Any CPU.Build.0 = Release|Any CPU
		{C385374D-E6FB-4E7A-8EF6-ACFAE599B811}.Debug|Any CPU.ActiveCfg = Debug|Any CPU
		{C385374D-E6FB-4E7A-8EF6-ACFAE599B811}.Debug|Any CPU.Build.0 = Debug|Any CPU
		{C385374D-E6FB-4E7A-8EF6-ACFAE599B811}.Release|Any CPU.ActiveCfg = Release|Any CPU
		{C385374D-E6FB-4E7A-8EF6-ACFAE599B811}.Release|Any CPU.Build.0 = Release|Any CPU
		{8CE12F1D-E708-4532-9D39-995676F67195}.Debug|Any CPU.ActiveCfg = Debug|Any CPU
		{8CE12F1D-E708-4532-9D39-995676F67195}.Debug|Any CPU.Build.0 = Debug|Any CPU
		{8CE12F1D-E708-4532-9D39-995676F67195}.Release|Any CPU.ActiveCfg = Release|Any CPU
		{8CE12F1D-E708-4532-9D39-995676F67195}.Release|Any CPU.Build.0 = Release|Any CPU
		{4287F0F6-59BC-4F08-81D2-51E84AF1A032}.Debug|Any CPU.ActiveCfg = Debug|Any CPU
		{4287F0F6-59BC-4F08-81D2-51E84AF1A032}.Debug|Any CPU.Build.0 = Debug|Any CPU
		{4287F0F6-59BC-4F08-81D2-51E84AF1A032}.Release|Any CPU.ActiveCfg = Release|Any CPU
		{4287F0F6-59BC-4F08-81D2-51E84AF1A032}.Release|Any CPU.Build.0 = Release|Any CPU
		{89C5618F-B4CC-4DE3-8E0E-1D798CE54474}.Debug|Any CPU.ActiveCfg = Debug|Any CPU
		{89C5618F-B4CC-4DE3-8E0E-1D798CE54474}.Debug|Any CPU.Build.0 = Debug|Any CPU
		{89C5618F-B4CC-4DE3-8E0E-1D798CE54474}.Release|Any CPU.ActiveCfg = Release|Any CPU
		{89C5618F-B4CC-4DE3-8E0E-1D798CE54474}.Release|Any CPU.Build.0 = Release|Any CPU
		{55E275D3-411E-4488-AE59-ED8713CCDCB7}.Debug|Any CPU.ActiveCfg = Debug|Any CPU
		{55E275D3-411E-4488-AE59-ED8713CCDCB7}.Debug|Any CPU.Build.0 = Debug|Any CPU
		{55E275D3-411E-4488-AE59-ED8713CCDCB7}.Release|Any CPU.ActiveCfg = Release|Any CPU
		{55E275D3-411E-4488-AE59-ED8713CCDCB7}.Release|Any CPU.Build.0 = Release|Any CPU
		{5835C542-283F-4771-BA14-309E0B80DF09}.Debug|Any CPU.ActiveCfg = Debug|Any CPU
		{5835C542-283F-4771-BA14-309E0B80DF09}.Debug|Any CPU.Build.0 = Debug|Any CPU
		{5835C542-283F-4771-BA14-309E0B80DF09}.Release|Any CPU.ActiveCfg = Release|Any CPU
		{5835C542-283F-4771-BA14-309E0B80DF09}.Release|Any CPU.Build.0 = Release|Any CPU
	EndGlobalSection
	GlobalSection(SolutionProperties) = preSolution
		HideSolutionNode = FALSE
	EndGlobalSection
	GlobalSection(ExtensibilityGlobals) = postSolution
		SolutionGuid = {36500DCA-393F-4DEB-837A-21D45D59E26A}
	EndGlobalSection
EndGlobal
